
Microsoft Visual Studio Solution File, Format Version 12.00
# Visual Studio 15
VisualStudioVersion = 15.0.27428.1
MinimumVisualStudioVersion = 10.0.40219.1
Project("{FAE04EC0-301F-11D3-BF4B-00C04F79EFBC}") = "UnbufferedMemoryStream", "UnbufferedMemoryStream\UnbufferedMemoryStream.csproj", "{2417C9A8-758F-431E-B718-97C98E082A44}"
EndProject
Global
	GlobalSection(SolutionConfigurationPlatforms) = preSolution
		Debug|Any CPU = Debug|Any CPU
		Release|Any CPU = Release|Any CPU
	EndGlobalSection
	GlobalSection(ProjectConfigurationPlatforms) = postSolution
		{2417C9A8-758F-431E-B718-97C98E082A44}.Debug|Any CPU.ActiveCfg = Debug|Any CPU
		{2417C9A8-758F-431E-B718-97C98E082A44}.Debug|Any CPU.Build.0 = Debug|Any CPU
		{2417C9A8-758F-431E-B718-97C98E082A44}.Release|Any CPU.ActiveCfg = Release|Any CPU
		{2417C9A8-758F-431E-B718-97C98E082A44}.Release|Any CPU.Build.0 = Release|Any CPU
	EndGlobalSection
	GlobalSection(SolutionProperties) = preSolution
		HideSolutionNode = FALSE
	EndGlobalSection
	GlobalSection(ExtensibilityGlobals) = postSolution
		SolutionGuid = {2B7EF296-9394-4FAF-8D57-345F21230ED2}
	EndGlobalSection
EndGlobal
